{
  "object": {
    "pins": [
      {
        "package": "async-http-client",
        "repositoryURL": "https://github.com/swift-server/async-http-client.git",
        "state": {
          "branch": null,
          "revision": "e2636a4c24e646d3e480fc666da0c090818beb09",
          "version": "1.1.0"
        }
      },
      {
        "package": "async-kit",
        "repositoryURL": "https://github.com/vapor/async-kit.git",
        "state": {
          "branch": null,
          "revision": "42edd5d6b52afc0678f85d4a67aa79e0be79fba5",
          "version": "1.0.0-beta.2.6"
        }
      },
      {
        "package": "Cryptor",
        "repositoryURL": "https://github.com/IBM-Swift/BlueCryptor.git",
        "state": {
          "branch": null,
          "revision": "12d2bf3ec7207ec3cd004b9582f69ef5fae1da3b",
          "version": "1.0.32"
        }
      },
      {
        "package": "Socket",
        "repositoryURL": "https://github.com/IBM-Swift/BlueSocket.git",
        "state": {
          "branch": null,
          "revision": "c46a3d41f5b2401d18bcb46d0101cdc5cd13e307",
          "version": "1.0.52"
        }
      },
      {
        "package": "SSLService",
        "repositoryURL": "https://github.com/IBM-Swift/BlueSSLService.git",
        "state": {
          "branch": null,
          "revision": "ab2c2aa2fe574969f391c80ee87746be431dee0e",
          "version": "1.0.52"
        }
      },
      {
        "package": "console-kit",
        "repositoryURL": "https://github.com/vapor/console-kit.git",
        "state": {
          "branch": null,
          "revision": "a10418160fd4d2af183b0a754a93373734d6ba80",
          "version": "4.0.0-beta.2.3"
        }
      },
      {
        "package": "CryptoSwift",
        "repositoryURL": "https://github.com/krzyzanowskim/CryptoSwift.git",
        "state": {
          "branch": null,
          "revision": "a44caef0550c346e0ab9172f7c9a3852c1833599",
          "version": "1.3.0"
        }
      },
      {
        "package": "fluent",
        "repositoryURL": "https://github.com/vapor/fluent.git",
        "state": {
          "branch": null,
          "revision": "74c64be71d63895cc81a00ed5a39a490a79250f8",
          "version": "4.0.0-beta.2.4"
        }
      },
      {
        "package": "fluent-kit",
        "repositoryURL": "https://github.com/vapor/fluent-kit.git",
        "state": {
          "branch": null,
          "revision": "7bd671352df88abd829c9378b81ee966a15ea4d3",
          "version": "1.0.0-beta.4"
        }
      },
      {
        "package": "fluent-postgres-driver",
        "repositoryURL": "https://github.com/vapor/fluent-postgres-driver.git",
        "state": {
          "branch": null,
          "revision": "9244cb2c028cb3e6938a17d6d1200c3bd51da997",
          "version": "2.0.0-beta.3"
        }
      },
      {
        "package": "LoggerAPI",
        "repositoryURL": "https://github.com/IBM-Swift/LoggerAPI.git",
        "state": {
          "branch": null,
          "revision": "3357dd9526cdf9436fa63bb792b669e6efdc43da",
          "version": "1.9.0"
        }
      },
      {
        "package": "multipart-kit",
        "repositoryURL": "https://github.com/vapor/multipart-kit.git",
        "state": {
          "branch": null,
          "revision": "b41a49b5756ac3fbf8f2b07228a7e75f9b60731a",
          "version": "4.0.0-beta.2"
        }
      },
      {
        "package": "postgres-kit",
        "repositoryURL": "https://github.com/vapor/postgres-kit.git",
        "state": {
          "branch": null,
          "revision": "3dbd91856cf0e7d42de1c5cfd40cf7bcea682b74",
          "version": "2.0.0-beta.3.8"
        }
      },
      {
        "package": "postgres-nio",
        "repositoryURL": "https://github.com/vapor/postgres-nio.git",
        "state": {
          "branch": null,
          "revision": "18fec1c24d4741169c6b1ddd4d895c9d87b0f3d3",
          "version": "1.0.0-beta.2.10"
        }
      },
      {
        "package": "routing-kit",
        "repositoryURL": "https://github.com/vapor/routing-kit.git",
        "state": {
          "branch": null,
          "revision": "9eccd8152a66db98c188e74242c686971a007211",
          "version": "4.0.0-beta.3.1"
        }
      },
      {
        "package": "sql-kit",
        "repositoryURL": "https://github.com/vapor/sql-kit.git",
        "state": {
          "branch": null,
          "revision": "ab3882713e147d31631d8b6bd6e20b93926d61d9",
          "version": "3.0.0-beta.6.9"
        }
      },
      {
        "package": "swift-backtrace",
        "repositoryURL": "https://github.com/ianpartridge/swift-backtrace.git",
        "state": {
          "branch": null,
          "revision": "eaf2cef011c0c23d1701aa60b364def8015dc3c7",
          "version": "1.1.1"
        }
      },
      {
        "package": "swift-crypto",
        "repositoryURL": "https://github.com/apple/swift-crypto.git",
        "state": {
          "branch": null,
          "revision": "d67ac68d09a95443303e9d6e37b34e7ba101d5f1",
          "version": "1.0.1"
        }
      },
      {
        "package": "swift-log",
        "repositoryURL": "https://github.com/apple/swift-log.git",
        "state": {
          "branch": null,
          "revision": "74d7b91ceebc85daf387ebb206003f78813f71aa",
          "version": "1.2.0"
        }
      },
      {
        "package": "swift-metrics",
        "repositoryURL": "https://github.com/apple/swift-metrics.git",
        "state": {
          "branch": null,
          "revision": "09b72f68ed9b01b614c12855fc7e22876b97a97e",
          "version": "1.2.1"
        }
      },
      {
        "package": "swift-nio",
        "repositoryURL": "https://github.com/apple/swift-nio.git",
        "state": {
          "branch": null,
          "revision": "a27a07719ca785bcaca019a5b9fe1814b981b4a2",
          "version": "2.15.0"
        }
      },
      {
        "package": "swift-nio-extras",
        "repositoryURL": "https://github.com/apple/swift-nio-extras.git",
        "state": {
          "branch": null,
          "revision": "b4dbfacff47fb8d0f9e0a422d8d37935a9f10570",
          "version": "1.4.0"
        }
      },
      {
        "package": "swift-nio-http2",
        "repositoryURL": "https://github.com/apple/swift-nio-http2.git",
        "state": {
          "branch": null,
          "revision": "82eb3fa0974b838358ee46bc6c5381e5ae5de6b9",
          "version": "1.11.0"
        }
      },
      {
        "package": "swift-nio-ssl",
        "repositoryURL": "https://github.com/apple/swift-nio-ssl.git",
        "state": {
          "branch": null,
          "revision": "584c0d06c46233d3e1759695e5eff495b12edcd2",
          "version": "2.7.0"
        }
      },
      {
        "package": "SwiftSMTP",
        "repositoryURL": "https://github.com/IBM-Swift/Swift-SMTP",
        "state": {
          "branch": null,
          "revision": "75ba1b9c0f524f9f3a87f19d87c1a3f2dfb8710f",
          "version": "5.1.2"
        }
      },
      {
        "package": "vapor",
        "repositoryURL": "https://github.com/vapor/vapor.git",
        "state": {
          "branch": null,
          "revision": "638dc5853bce8d830bb7e8cc12294242f5f9dd84",
          "version": "4.0.0-beta.4.2"
        }
      },
      {
        "package": "websocket-kit",
        "repositoryURL": "https://github.com/vapor/websocket-kit.git",
        "state": {
          "branch": null,
          "revision": "670e757f21cc8f1f76a04baac72f72ea1590e18d",
          "version": "2.0.0-beta.2.5"
        }
      },
      {
        "package": "Yams",
        "repositoryURL": "https://github.com/jpsim/Yams.git",
        "state": {
          "branch": null,
          "revision": "c947a306d2e80ecb2c0859047b35c73b8e1ca27f",
          "version": "2.0.0"
        }
      }
    ]
  },
  "version": 1
}
